
Microsoft Visual Studio Solution File, Format Version 12.00
# Visual Studio 15
VisualStudioVersion = 15.0.26510.0
MinimumVisualStudioVersion = 10.0.40219.1
Project("{9A19103F-16F7-4668-BE54-9A1E7A4F7556}") = "UniFiControllerUpnpAdapter", "UniFiControllerUpnpAdapter\UniFiControllerUpnpAdapter.csproj", "{388D938E-D963-4FCF-BCEE-3F405AF76A4A}"
EndProject
Project("{2150E333-8FDC-42A3-9474-1A3956D46DE8}") = "SmartthingsUniFiClientsDevices", "SmartthingsUniFiClientsDevices", "{45024BA5-3F33-4C86-B3A8-9F8A6F8123A2}"
	ProjectSection(SolutionItems) = preProject
		UniFi client.groovy = UniFi client.groovy
		UniFi controller.groovy = UniFi controller.groovy
		UniFi manager.groovy = UniFi manager.groovy
	EndProjectSection
EndProject
Global
	GlobalSection(SolutionConfigurationPlatforms) = preSolution
		Debug|Any CPU = Debug|Any CPU
		Release|Any CPU = Release|Any CPU
	EndGlobalSection
	GlobalSection(ProjectConfigurationPlatforms) = postSolution
		{388D938E-D963-4FCF-BCEE-3F405AF76A4A}.Debug|Any CPU.ActiveCfg = Debug|Any CPU
		{388D938E-D963-4FCF-BCEE-3F405AF76A4A}.Debug|Any CPU.Build.0 = Debug|Any CPU
		{388D938E-D963-4FCF-BCEE-3F405AF76A4A}.Release|Any CPU.ActiveCfg = Release|Any CPU
		{388D938E-D963-4FCF-BCEE-3F405AF76A4A}.Release|Any CPU.Build.0 = Release|Any CPU
	EndGlobalSection
	GlobalSection(SolutionProperties) = preSolution
		HideSolutionNode = FALSE
	EndGlobalSection
EndGlobal
