
Microsoft Visual Studio Solution File, Format Version 12.00
# Visual Studio 15
VisualStudioVersion = 15.0.26724.1
MinimumVisualStudioVersion = 10.0.40219.1
Project("{9A19103F-16F7-4668-BE54-9A1E7A4F7556}") = "Torick.Smartthings.Devices.Publisher", "Torick.Smartthings.Devices.Publisher\Torick.Smartthings.Devices.Publisher.csproj", "{388D938E-D963-4FCF-BCEE-3F405AF76A4A}"
EndProject
Project("{9A19103F-16F7-4668-BE54-9A1E7A4F7556}") = "Torick.IoC.Module", "Torick.IoC.Module\Torick.IoC.Module.csproj", "{BB98C289-68C0-41F5-A02B-46FDBDF06C7F}"
EndProject
Project("{9A19103F-16F7-4668-BE54-9A1E7A4F7556}") = "Torick.IoC.Module.Loader", "Torick.IoC.Module.Loader\Torick.IoC.Module.Loader.csproj", "{DCCFE9A6-5229-4225-8438-B9BE190443F1}"
EndProject
Project("{9A19103F-16F7-4668-BE54-9A1E7A4F7556}") = "Torick.Smartthings.Devices", "Torick.Smartthings.Devices\Torick.Smartthings.Devices.csproj", "{2A0557AA-2D09-482A-B76C-BD2AF18E8C41}"
EndProject
Project("{9A19103F-16F7-4668-BE54-9A1E7A4F7556}") = "Torick.Smartthings.Devices.UniFi", "Torick.Smartthings.Devices.UniFi\Torick.Smartthings.Devices.UniFi.csproj", "{C84B55A3-D606-4952-82DD-429114F3421B}"
EndProject
Project("{9A19103F-16F7-4668-BE54-9A1E7A4F7556}") = "Torick.Smartthings.Devices.Screen", "Torick.Smartthings.Devices.Screen\Torick.Smartthings.Devices.Screen.csproj", "{DF04B5E2-FEA5-4B5B-A30D-D8C74196201F}"
EndProject
Project("{9A19103F-16F7-4668-BE54-9A1E7A4F7556}") = "Torick.Core", "Torick.Core\Torick.Core.csproj", "{AA11D0AF-CB70-4EE8-B59C-1689FE3AFDBE}"
EndProject
Project("{9A19103F-16F7-4668-BE54-9A1E7A4F7556}") = "Torick.Web", "Torick.Web\Torick.Web.csproj", "{28D44B7F-CB2A-4948-9121-D7D1EA2DEA0F}"
EndProject
Global
	GlobalSection(SolutionConfigurationPlatforms) = preSolution
		Debug|Any CPU = Debug|Any CPU
		Release|Any CPU = Release|Any CPU
	EndGlobalSection
	GlobalSection(ProjectConfigurationPlatforms) = postSolution
		{388D938E-D963-4FCF-BCEE-3F405AF76A4A}.Debug|Any CPU.ActiveCfg = Debug|Any CPU
		{388D938E-D963-4FCF-BCEE-3F405AF76A4A}.Debug|Any CPU.Build.0 = Debug|Any CPU
		{388D938E-D963-4FCF-BCEE-3F405AF76A4A}.Release|Any CPU.ActiveCfg = Release|Any CPU
		{388D938E-D963-4FCF-BCEE-3F405AF76A4A}.Release|Any CPU.Build.0 = Release|Any CPU
		{BB98C289-68C0-41F5-A02B-46FDBDF06C7F}.Debug|Any CPU.ActiveCfg = Debug|Any CPU
		{BB98C289-68C0-41F5-A02B-46FDBDF06C7F}.Debug|Any CPU.Build.0 = Debug|Any CPU
		{BB98C289-68C0-41F5-A02B-46FDBDF06C7F}.Release|Any CPU.ActiveCfg = Release|Any CPU
		{BB98C289-68C0-41F5-A02B-46FDBDF06C7F}.Release|Any CPU.Build.0 = Release|Any CPU
		{DCCFE9A6-5229-4225-8438-B9BE190443F1}.Debug|Any CPU.ActiveCfg = Debug|Any CPU
		{DCCFE9A6-5229-4225-8438-B9BE190443F1}.Debug|Any CPU.Build.0 = Debug|Any CPU
		{DCCFE9A6-5229-4225-8438-B9BE190443F1}.Release|Any CPU.ActiveCfg = Release|Any CPU
		{DCCFE9A6-5229-4225-8438-B9BE190443F1}.Release|Any CPU.Build.0 = Release|Any CPU
		{2A0557AA-2D09-482A-B76C-BD2AF18E8C41}.Debug|Any CPU.ActiveCfg = Debug|Any CPU
		{2A0557AA-2D09-482A-B76C-BD2AF18E8C41}.Debug|Any CPU.Build.0 = Debug|Any CPU
		{2A0557AA-2D09-482A-B76C-BD2AF18E8C41}.Release|Any CPU.ActiveCfg = Release|Any CPU
		{2A0557AA-2D09-482A-B76C-BD2AF18E8C41}.Release|Any CPU.Build.0 = Release|Any CPU
		{C84B55A3-D606-4952-82DD-429114F3421B}.Debug|Any CPU.ActiveCfg = Debug|Any CPU
		{C84B55A3-D606-4952-82DD-429114F3421B}.Debug|Any CPU.Build.0 = Debug|Any CPU
		{C84B55A3-D606-4952-82DD-429114F3421B}.Release|Any CPU.ActiveCfg = Release|Any CPU
		{C84B55A3-D606-4952-82DD-429114F3421B}.Release|Any CPU.Build.0 = Release|Any CPU
		{DF04B5E2-FEA5-4B5B-A30D-D8C74196201F}.Debug|Any CPU.ActiveCfg = Debug|Any CPU
		{DF04B5E2-FEA5-4B5B-A30D-D8C74196201F}.Debug|Any CPU.Build.0 = Debug|Any CPU
		{DF04B5E2-FEA5-4B5B-A30D-D8C74196201F}.Release|Any CPU.ActiveCfg = Release|Any CPU
		{DF04B5E2-FEA5-4B5B-A30D-D8C74196201F}.Release|Any CPU.Build.0 = Release|Any CPU
		{AA11D0AF-CB70-4EE8-B59C-1689FE3AFDBE}.Debug|Any CPU.ActiveCfg = Debug|Any CPU
		{AA11D0AF-CB70-4EE8-B59C-1689FE3AFDBE}.Debug|Any CPU.Build.0 = Debug|Any CPU
		{AA11D0AF-CB70-4EE8-B59C-1689FE3AFDBE}.Release|Any CPU.ActiveCfg = Release|Any CPU
		{AA11D0AF-CB70-4EE8-B59C-1689FE3AFDBE}.Release|Any CPU.Build.0 = Release|Any CPU
		{28D44B7F-CB2A-4948-9121-D7D1EA2DEA0F}.Debug|Any CPU.ActiveCfg = Debug|Any CPU
		{28D44B7F-CB2A-4948-9121-D7D1EA2DEA0F}.Debug|Any CPU.Build.0 = Debug|Any CPU
		{28D44B7F-CB2A-4948-9121-D7D1EA2DEA0F}.Release|Any CPU.ActiveCfg = Release|Any CPU
		{28D44B7F-CB2A-4948-9121-D7D1EA2DEA0F}.Release|Any CPU.Build.0 = Release|Any CPU
	EndGlobalSection
	GlobalSection(SolutionProperties) = preSolution
		HideSolutionNode = FALSE
	EndGlobalSection
	GlobalSection(ExtensibilityGlobals) = postSolution
		SolutionGuid = {82CA5EFA-51E9-491B-8022-E134F6F186C4}
	EndGlobalSection
EndGlobal
